
Microsoft Visual Studio Solution File, Format Version 12.00
# Visual Studio 14
VisualStudioVersion = 14.0.25123.0
MinimumVisualStudioVersion = 10.0.40219.1
Project("{FAE04EC0-301F-11D3-BF4B-00C04F79EFBC}") = "Proyecto III - v.0", "Proyecto III - v.0\Proyecto III - v.0.csproj", "{319416DA-6C02-4ED6-9CB5-42CB73F6A140}"
EndProject
Global
	GlobalSection(SolutionConfigurationPlatforms) = preSolution
		Debug|Any CPU = Debug|Any CPU
		Release|Any CPU = Release|Any CPU
	EndGlobalSection
	GlobalSection(ProjectConfigurationPlatforms) = postSolution
		{319416DA-6C02-4ED6-9CB5-42CB73F6A140}.Debug|Any CPU.ActiveCfg = Debug|Any CPU
		{319416DA-6C02-4ED6-9CB5-42CB73F6A140}.Debug|Any CPU.Build.0 = Debug|Any CPU
		{319416DA-6C02-4ED6-9CB5-42CB73F6A140}.Release|Any CPU.ActiveCfg = Release|Any CPU
		{319416DA-6C02-4ED6-9CB5-42CB73F6A140}.Release|Any CPU.Build.0 = Release|Any CPU
	EndGlobalSection
	GlobalSection(SolutionProperties) = preSolution
		HideSolutionNode = FALSE
	EndGlobalSection
EndGlobal
